
Microsoft Visual Studio Solution File, Format Version 12.00
# Visual Studio 14
VisualStudioVersion = 14.0.25420.1
MinimumVisualStudioVersion = 10.0.40219.1
Project("{FAE04EC0-301F-11D3-BF4B-00C04F79EFBC}") = "Task2", "Task2\Task2.csproj", "{C4FF4D5A-D549-4F78-BF69-0981BDA8C58E}"
EndProject
Project("{FAE04EC0-301F-11D3-BF4B-00C04F79EFBC}") = "Task2.Tests", "Task2.Tests\Task2.Tests.csproj", "{56F04BCF-6E24-4A0F-BBBD-4F3DCECB2AF9}"
EndProject
Project("{FAE04EC0-301F-11D3-BF4B-00C04F79EFBC}") = "Task1", "Task1\Task1.csproj", "{56F4B216-B5C7-415B-B5C9-FD357758FFFF}"
EndProject
Project("{FAE04EC0-301F-11D3-BF4B-00C04F79EFBC}") = "Task1.Tests", "Task1.Tests\Task1.Tests.csproj", "{3DF74954-2F23-48F8-915F-0BD00B919774}"
EndProject
Global
	GlobalSection(SolutionConfigurationPlatforms) = preSolution
		Debug|Any CPU = Debug|Any CPU
		Release|Any CPU = Release|Any CPU
	EndGlobalSection
	GlobalSection(ProjectConfigurationPlatforms) = postSolution
		{C4FF4D5A-D549-4F78-BF69-0981BDA8C58E}.Debug|Any CPU.ActiveCfg = Debug|Any CPU
		{C4FF4D5A-D549-4F78-BF69-0981BDA8C58E}.Debug|Any CPU.Build.0 = Debug|Any CPU
		{C4FF4D5A-D549-4F78-BF69-0981BDA8C58E}.Release|Any CPU.ActiveCfg = Release|Any CPU
		{C4FF4D5A-D549-4F78-BF69-0981BDA8C58E}.Release|Any CPU.Build.0 = Release|Any CPU
		{56F04BCF-6E24-4A0F-BBBD-4F3DCECB2AF9}.Debug|Any CPU.ActiveCfg = Debug|Any CPU
		{56F04BCF-6E24-4A0F-BBBD-4F3DCECB2AF9}.Debug|Any CPU.Build.0 = Debug|Any CPU
		{56F04BCF-6E24-4A0F-BBBD-4F3DCECB2AF9}.Release|Any CPU.ActiveCfg = Release|Any CPU
		{56F04BCF-6E24-4A0F-BBBD-4F3DCECB2AF9}.Release|Any CPU.Build.0 = Release|Any CPU
		{56F4B216-B5C7-415B-B5C9-FD357758FFFF}.Debug|Any CPU.ActiveCfg = Debug|Any CPU
		{56F4B216-B5C7-415B-B5C9-FD357758FFFF}.Debug|Any CPU.Build.0 = Debug|Any CPU
		{56F4B216-B5C7-415B-B5C9-FD357758FFFF}.Release|Any CPU.ActiveCfg = Release|Any CPU
		{56F4B216-B5C7-415B-B5C9-FD357758FFFF}.Release|Any CPU.Build.0 = Release|Any CPU
		{3DF74954-2F23-48F8-915F-0BD00B919774}.Debug|Any CPU.ActiveCfg = Debug|Any CPU
		{3DF74954-2F23-48F8-915F-0BD00B919774}.Debug|Any CPU.Build.0 = Debug|Any CPU
		{3DF74954-2F23-48F8-915F-0BD00B919774}.Release|Any CPU.ActiveCfg = Release|Any CPU
		{3DF74954-2F23-48F8-915F-0BD00B919774}.Release|Any CPU.Build.0 = Release|Any CPU
	EndGlobalSection
	GlobalSection(SolutionProperties) = preSolution
		HideSolutionNode = FALSE
	EndGlobalSection
EndGlobal
